// !$*UTF8*$!
{
	archiveVersion = 1;
	classes = {
	};
	objectVersion = 56;
	objects = {

/* Begin PBXBuildFile section */
		D6859EDB2921B2C300940B99 /* RestaurantUIApp.swift in Sources */ = {isa = PBXBuildFile; fileRef = D6859EDA2921B2C300940B99 /* RestaurantUIApp.swift */; };
		D6859EDD2921B2C300940B99 /* HomeView.swift in Sources */ = {isa = PBXBuildFile; fileRef = D6859EDC2921B2C300940B99 /* HomeView.swift */; };
		D6859EDF2921B2C400940B99 /* Assets.xcassets in Resources */ = {isa = PBXBuildFile; fileRef = D6859EDE2921B2C400940B99 /* Assets.xcassets */; };
		D6859EE22921B2C400940B99 /* Preview Assets.xcassets in Resources */ = {isa = PBXBuildFile; fileRef = D6859EE12921B2C400940B99 /* Preview Assets.xcassets */; };
		D6859EF22921B3D800940B99 /* String+Extension.swift in Sources */ = {isa = PBXBuildFile; fileRef = D6859EF12921B3D800940B99 /* String+Extension.swift */; };
		D6859EF52921B43A00940B99 /* RestaurantModel.swift in Sources */ = {isa = PBXBuildFile; fileRef = D6859EF42921B43A00940B99 /* RestaurantModel.swift */; };
		D6859EF82921B47A00940B99 /* ApiRequest.swift in Sources */ = {isa = PBXBuildFile; fileRef = D6859EF72921B47A00940B99 /* ApiRequest.swift */; };
		D6859EFA2921B48100940B99 /* ApiRequestMock.swift in Sources */ = {isa = PBXBuildFile; fileRef = D6859EF92921B48100940B99 /* ApiRequestMock.swift */; };
		D6859EFC2921B48A00940B99 /* ApiRequestError.swift in Sources */ = {isa = PBXBuildFile; fileRef = D6859EFB2921B48A00940B99 /* ApiRequestError.swift */; };
		D6859F002921B6D600940B99 /* RestaurantRepository.swift in Sources */ = {isa = PBXBuildFile; fileRef = D6859EFF2921B6D600940B99 /* RestaurantRepository.swift */; };
		D6859F022921B85300940B99 /* RestaurantUseCase.swift in Sources */ = {isa = PBXBuildFile; fileRef = D6859F012921B85300940B99 /* RestaurantUseCase.swift */; };
		D6859F052921B90F00940B99 /* RestaurantViewModel.swift in Sources */ = {isa = PBXBuildFile; fileRef = D6859F042921B90F00940B99 /* RestaurantViewModel.swift */; };
		D6859F072921C06900940B99 /* ImageRepository.swift in Sources */ = {isa = PBXBuildFile; fileRef = D6859F062921C06900940B99 /* ImageRepository.swift */; };
		D6859F092921C58B00940B99 /* ImageUseCase.swift in Sources */ = {isa = PBXBuildFile; fileRef = D6859F082921C58B00940B99 /* ImageUseCase.swift */; };
		D6859F0C2921C6B500940B99 /* HomeModel.swift in Sources */ = {isa = PBXBuildFile; fileRef = D6859F0B2921C6B500940B99 /* HomeModel.swift */; };
		D6859F0E2921C7D500940B99 /* SortUseCase.swift in Sources */ = {isa = PBXBuildFile; fileRef = D6859F0D2921C7D500940B99 /* SortUseCase.swift */; };
		D6BB08CE2922939500E4851B /* RestaurantCell.swift in Sources */ = {isa = PBXBuildFile; fileRef = D6BB08CD2922939500E4851B /* RestaurantCell.swift */; };
		D6F1CD872922BB2D009C38B2 /* Localizable.strings in Resources */ = {isa = PBXBuildFile; fileRef = D6F1CD862922BB2D009C38B2 /* Localizable.strings */; };
		D6F1CD8F2922DB07009C38B2 /* RestaurantUIUITests.swift in Sources */ = {isa = PBXBuildFile; fileRef = D6F1CD8E2922DB07009C38B2 /* RestaurantUIUITests.swift */; };
		D6F1CD912922DB07009C38B2 /* RestaurantUIUITestsLaunchTests.swift in Sources */ = {isa = PBXBuildFile; fileRef = D6F1CD902922DB07009C38B2 /* RestaurantUIUITestsLaunchTests.swift */; };
		D6F1CD992922DD34009C38B2 /* RestaurantsMock.json in Resources */ = {isa = PBXBuildFile; fileRef = D6F1CD982922DB6E009C38B2 /* RestaurantsMock.json */; };
/* End PBXBuildFile section */

/* Begin PBXContainerItemProxy section */
		D6F1CD922922DB07009C38B2 /* PBXContainerItemProxy */ = {
			isa = PBXContainerItemProxy;
			containerPortal = D6859ECF2921B2C300940B99 /* Project object */;
			proxyType = 1;
			remoteGlobalIDString = D6859ED62921B2C300940B99;
			remoteInfo = RestaurantUI;
		};
/* End PBXContainerItemProxy section */

/* Begin PBXFileReference section */
		D6859ED72921B2C300940B99 /* RestaurantUI.app */ = {isa = PBXFileReference; explicitFileType = wrapper.application; includeInIndex = 0; path = RestaurantUI.app; sourceTree = BUILT_PRODUCTS_DIR; };
		D6859EDA2921B2C300940B99 /* RestaurantUIApp.swift */ = {isa = PBXFileReference; lastKnownFileType = sourcecode.swift; path = RestaurantUIApp.swift; sourceTree = "<group>"; };
		D6859EDC2921B2C300940B99 /* HomeView.swift */ = {isa = PBXFileReference; lastKnownFileType = sourcecode.swift; path = HomeView.swift; sourceTree = "<group>"; };
		D6859EDE2921B2C400940B99 /* Assets.xcassets */ = {isa = PBXFileReference; lastKnownFileType = folder.assetcatalog; path = Assets.xcassets; sourceTree = "<group>"; };
		D6859EE12921B2C400940B99 /* Preview Assets.xcassets */ = {isa = PBXFileReference; lastKnownFileType = folder.assetcatalog; path = "Preview Assets.xcassets"; sourceTree = "<group>"; };
		D6859EF12921B3D800940B99 /* String+Extension.swift */ = {isa = PBXFileReference; lastKnownFileType = sourcecode.swift; path = "String+Extension.swift"; sourceTree = "<group>"; };
		D6859EF42921B43A00940B99 /* RestaurantModel.swift */ = {isa = PBXFileReference; lastKnownFileType = sourcecode.swift; path = RestaurantModel.swift; sourceTree = "<group>"; };
		D6859EF72921B47A00940B99 /* ApiRequest.swift */ = {isa = PBXFileReference; lastKnownFileType = sourcecode.swift; path = ApiRequest.swift; sourceTree = "<group>"; };
		D6859EF92921B48100940B99 /* ApiRequestMock.swift */ = {isa = PBXFileReference; lastKnownFileType = sourcecode.swift; path = ApiRequestMock.swift; sourceTree = "<group>"; };
		D6859EFB2921B48A00940B99 /* ApiRequestError.swift */ = {isa = PBXFileReference; lastKnownFileType = sourcecode.swift; path = ApiRequestError.swift; sourceTree = "<group>"; };
		D6859EFF2921B6D600940B99 /* RestaurantRepository.swift */ = {isa = PBXFileReference; lastKnownFileType = sourcecode.swift; path = RestaurantRepository.swift; sourceTree = "<group>"; };
		D6859F012921B85300940B99 /* RestaurantUseCase.swift */ = {isa = PBXFileReference; lastKnownFileType = sourcecode.swift; path = RestaurantUseCase.swift; sourceTree = "<group>"; };
		D6859F042921B90F00940B99 /* RestaurantViewModel.swift */ = {isa = PBXFileReference; lastKnownFileType = sourcecode.swift; path = RestaurantViewModel.swift; sourceTree = "<group>"; };
		D6859F062921C06900940B99 /* ImageRepository.swift */ = {isa = PBXFileReference; lastKnownFileType = sourcecode.swift; path = ImageRepository.swift; sourceTree = "<group>"; };
		D6859F082921C58B00940B99 /* ImageUseCase.swift */ = {isa = PBXFileReference; lastKnownFileType = sourcecode.swift; path = ImageUseCase.swift; sourceTree = "<group>"; };
		D6859F0B2921C6B500940B99 /* HomeModel.swift */ = {isa = PBXFileReference; lastKnownFileType = sourcecode.swift; path = HomeModel.swift; sourceTree = "<group>"; };
		D6859F0D2921C7D500940B99 /* SortUseCase.swift */ = {isa = PBXFileReference; lastKnownFileType = sourcecode.swift; path = SortUseCase.swift; sourceTree = "<group>"; };
		D6BB08CD2922939500E4851B /* RestaurantCell.swift */ = {isa = PBXFileReference; lastKnownFileType = sourcecode.swift; path = RestaurantCell.swift; sourceTree = "<group>"; };
		D6F1CD862922BB2D009C38B2 /* Localizable.strings */ = {isa = PBXFileReference; lastKnownFileType = text.plist.strings; path = Localizable.strings; sourceTree = "<group>"; };
		D6F1CD8C2922DB07009C38B2 /* RestaurantUIUITests.xctest */ = {isa = PBXFileReference; explicitFileType = wrapper.cfbundle; includeInIndex = 0; path = RestaurantUIUITests.xctest; sourceTree = BUILT_PRODUCTS_DIR; };
		D6F1CD8E2922DB07009C38B2 /* RestaurantUIUITests.swift */ = {isa = PBXFileReference; lastKnownFileType = sourcecode.swift; path = RestaurantUIUITests.swift; sourceTree = "<group>"; };
		D6F1CD902922DB07009C38B2 /* RestaurantUIUITestsLaunchTests.swift */ = {isa = PBXFileReference; lastKnownFileType = sourcecode.swift; path = RestaurantUIUITestsLaunchTests.swift; sourceTree = "<group>"; };
		D6F1CD982922DB6E009C38B2 /* RestaurantsMock.json */ = {isa = PBXFileReference; lastKnownFileType = text.json; path = RestaurantsMock.json; sourceTree = "<group>"; };
/* End PBXFileReference section */

/* Begin PBXFrameworksBuildPhase section */
		D6859ED42921B2C300940B99 /* Frameworks */ = {
			isa = PBXFrameworksBuildPhase;
			buildActionMask = 2147483647;
			files = (
			);
			runOnlyForDeploymentPostprocessing = 0;
		};
		D6F1CD892922DB07009C38B2 /* Frameworks */ = {
			isa = PBXFrameworksBuildPhase;
			buildActionMask = 2147483647;
			files = (
			);
			runOnlyForDeploymentPostprocessing = 0;
		};
/* End PBXFrameworksBuildPhase section */

/* Begin PBXGroup section */
		D6859ECE2921B2C300940B99 = {
			isa = PBXGroup;
			children = (
				D6859ED92921B2C300940B99 /* RestaurantUI */,
				D6F1CD8D2922DB07009C38B2 /* RestaurantUIUITests */,
				D6859ED82921B2C300940B99 /* Products */,
			);
			sourceTree = "<group>";
		};
		D6859ED82921B2C300940B99 /* Products */ = {
			isa = PBXGroup;
			children = (
				D6859ED72921B2C300940B99 /* RestaurantUI.app */,
				D6F1CD8C2922DB07009C38B2 /* RestaurantUIUITests.xctest */,
			);
			name = Products;
			sourceTree = "<group>";
		};
		D6859ED92921B2C300940B99 /* RestaurantUI */ = {
			isa = PBXGroup;
			children = (
				D6859EF62921B47100940B99 /* Service */,
				D6859EEF2921B3AB00940B99 /* Common */,
				D6859EE92921B33600940B99 /* Feature */,
				D6859EE82921B2FD00940B99 /* Resources */,
				D6859EE02921B2C400940B99 /* Preview Content */,
			);
			path = RestaurantUI;
			sourceTree = "<group>";
		};
		D6859EE02921B2C400940B99 /* Preview Content */ = {
			isa = PBXGroup;
			children = (
				D6859EE12921B2C400940B99 /* Preview Assets.xcassets */,
			);
			path = "Preview Content";
			sourceTree = "<group>";
		};
		D6859EE82921B2FD00940B99 /* Resources */ = {
			isa = PBXGroup;
			children = (
				D6F1CD972922DB43009C38B2 /* Mock */,
				D6859EDE2921B2C400940B99 /* Assets.xcassets */,
				D6F1CD862922BB2D009C38B2 /* Localizable.strings */,
			);
			path = Resources;
			sourceTree = "<group>";
		};
		D6859EE92921B33600940B99 /* Feature */ = {
			isa = PBXGroup;
			children = (
				D6859EDA2921B2C300940B99 /* RestaurantUIApp.swift */,
				D6859EEA2921B33C00940B99 /* Home */,
			);
			path = Feature;
			sourceTree = "<group>";
		};
		D6859EEA2921B33C00940B99 /* Home */ = {
			isa = PBXGroup;
			children = (
				D6859EEB2921B34000940B99 /* View */,
				D6859EEE2921B35A00940B99 /* ViewModel */,
				D6859EEC2921B34300940B99 /* UseCase */,
				D6859EED2921B34800940B99 /* DataStore */,
			);
			path = Home;
			sourceTree = "<group>";
		};
		D6859EEB2921B34000940B99 /* View */ = {
			isa = PBXGroup;
			children = (
				D6BB08CC2922938500E4851B /* Cell */,
				D6859EDC2921B2C300940B99 /* HomeView.swift */,
			);
			path = View;
			sourceTree = "<group>";
		};
		D6859EEC2921B34300940B99 /* UseCase */ = {
			isa = PBXGroup;
			children = (
				D6859F012921B85300940B99 /* RestaurantUseCase.swift */,
				D6859F082921C58B00940B99 /* ImageUseCase.swift */,
				D6859F0D2921C7D500940B99 /* SortUseCase.swift */,
			);
			path = UseCase;
			sourceTree = "<group>";
		};
		D6859EED2921B34800940B99 /* DataStore */ = {
			isa = PBXGroup;
			children = (
				D6859EFF2921B6D600940B99 /* RestaurantRepository.swift */,
				D6859F062921C06900940B99 /* ImageRepository.swift */,
			);
			path = DataStore;
			sourceTree = "<group>";
		};
		D6859EEE2921B35A00940B99 /* ViewModel */ = {
			isa = PBXGroup;
			children = (
				D6859F0A2921C6AA00940B99 /* Model */,
				D6859F042921B90F00940B99 /* RestaurantViewModel.swift */,
			);
			path = ViewModel;
			sourceTree = "<group>";
		};
		D6859EEF2921B3AB00940B99 /* Common */ = {
			isa = PBXGroup;
			children = (
				D6859EF32921B42D00940B99 /* Model */,
				D6859EF02921B3AF00940B99 /* Extensions */,
			);
			path = Common;
			sourceTree = "<group>";
		};
		D6859EF02921B3AF00940B99 /* Extensions */ = {
			isa = PBXGroup;
			children = (
				D6859EF12921B3D800940B99 /* String+Extension.swift */,
			);
			path = Extensions;
			sourceTree = "<group>";
		};
		D6859EF32921B42D00940B99 /* Model */ = {
			isa = PBXGroup;
			children = (
				D6859EF42921B43A00940B99 /* RestaurantModel.swift */,
			);
			path = Model;
			sourceTree = "<group>";
		};
		D6859EF62921B47100940B99 /* Service */ = {
			isa = PBXGroup;
			children = (
				D6859EF72921B47A00940B99 /* ApiRequest.swift */,
				D6859EF92921B48100940B99 /* ApiRequestMock.swift */,
				D6859EFB2921B48A00940B99 /* ApiRequestError.swift */,
			);
			path = Service;
			sourceTree = "<group>";
		};
		D6859F0A2921C6AA00940B99 /* Model */ = {
			isa = PBXGroup;
			children = (
				D6859F0B2921C6B500940B99 /* HomeModel.swift */,
			);
			path = Model;
			sourceTree = "<group>";
		};
		D6BB08CC2922938500E4851B /* Cell */ = {
			isa = PBXGroup;
			children = (
				D6BB08CD2922939500E4851B /* RestaurantCell.swift */,
			);
			path = Cell;
			sourceTree = "<group>";
		};
		D6F1CD8D2922DB07009C38B2 /* RestaurantUIUITests */ = {
			isa = PBXGroup;
			children = (
				D6F1CD8E2922DB07009C38B2 /* RestaurantUIUITests.swift */,
				D6F1CD902922DB07009C38B2 /* RestaurantUIUITestsLaunchTests.swift */,
			);
			path = RestaurantUIUITests;
			sourceTree = "<group>";
		};
		D6F1CD972922DB43009C38B2 /* Mock */ = {
			isa = PBXGroup;
			children = (
				D6F1CD982922DB6E009C38B2 /* RestaurantsMock.json */,
			);
			path = Mock;
			sourceTree = "<group>";
		};
/* End PBXGroup section */

/* Begin PBXNativeTarget section */
		D6859ED62921B2C300940B99 /* RestaurantUI */ = {
			isa = PBXNativeTarget;
			buildConfigurationList = D6859EE52921B2C400940B99 /* Build configuration list for PBXNativeTarget "RestaurantUI" */;
			buildPhases = (
				D6859ED32921B2C300940B99 /* Sources */,
				D6859ED42921B2C300940B99 /* Frameworks */,
				D6859ED52921B2C300940B99 /* Resources */,
			);
			buildRules = (
			);
			dependencies = (
			);
			name = RestaurantUI;
			productName = RestaurantUI;
			productReference = D6859ED72921B2C300940B99 /* RestaurantUI.app */;
			productType = "com.apple.product-type.application";
		};
		D6F1CD8B2922DB07009C38B2 /* RestaurantUIUITests */ = {
			isa = PBXNativeTarget;
			buildConfigurationList = D6F1CD942922DB07009C38B2 /* Build configuration list for PBXNativeTarget "RestaurantUIUITests" */;
			buildPhases = (
				D6F1CD882922DB07009C38B2 /* Sources */,
				D6F1CD892922DB07009C38B2 /* Frameworks */,
				D6F1CD8A2922DB07009C38B2 /* Resources */,
			);
			buildRules = (
			);
			dependencies = (
				D6F1CD932922DB07009C38B2 /* PBXTargetDependency */,
			);
			name = RestaurantUIUITests;
			productName = RestaurantUIUITests;
			productReference = D6F1CD8C2922DB07009C38B2 /* RestaurantUIUITests.xctest */;
			productType = "com.apple.product-type.bundle.ui-testing";
		};
/* End PBXNativeTarget section */

/* Begin PBXProject section */
		D6859ECF2921B2C300940B99 /* Project object */ = {
			isa = PBXProject;
			attributes = {
				BuildIndependentTargetsInParallel = 1;
				LastSwiftUpdateCheck = 1400;
				LastUpgradeCheck = 1400;
				TargetAttributes = {
					D6859ED62921B2C300940B99 = {
						CreatedOnToolsVersion = 14.0.1;
					};
					D6F1CD8B2922DB07009C38B2 = {
						CreatedOnToolsVersion = 14.0.1;
						TestTargetID = D6859ED62921B2C300940B99;
					};
				};
			};
			buildConfigurationList = D6859ED22921B2C300940B99 /* Build configuration list for PBXProject "RestaurantUI" */;
			compatibilityVersion = "Xcode 14.0";
			developmentRegion = en;
			hasScannedForEncodings = 0;
			knownRegions = (
				en,
				Base,
			);
			mainGroup = D6859ECE2921B2C300940B99;
			productRefGroup = D6859ED82921B2C300940B99 /* Products */;
			projectDirPath = "";
			projectRoot = "";
			targets = (
				D6859ED62921B2C300940B99 /* RestaurantUI */,
				D6F1CD8B2922DB07009C38B2 /* RestaurantUIUITests */,
			);
		};
/* End PBXProject section */

/* Begin PBXResourcesBuildPhase section */
		D6859ED52921B2C300940B99 /* Resources */ = {
			isa = PBXResourcesBuildPhase;
			buildActionMask = 2147483647;
			files = (
				D6859EE22921B2C400940B99 /* Preview Assets.xcassets in Resources */,
				D6F1CD872922BB2D009C38B2 /* Localizable.strings in Resources */,
				D6F1CD992922DD34009C38B2 /* RestaurantsMock.json in Resources */,
				D6859EDF2921B2C400940B99 /* Assets.xcassets in Resources */,
			);
			runOnlyForDeploymentPostprocessing = 0;
		};
		D6F1CD8A2922DB07009C38B2 /* Resources */ = {
			isa = PBXResourcesBuildPhase;
			buildActionMask = 2147483647;
			files = (
			);
			runOnlyForDeploymentPostprocessing = 0;
		};
/* End PBXResourcesBuildPhase section */

/* Begin PBXSourcesBuildPhase section */
		D6859ED32921B2C300940B99 /* Sources */ = {
			isa = PBXSourcesBuildPhase;
			buildActionMask = 2147483647;
			files = (
				D6BB08CE2922939500E4851B /* RestaurantCell.swift in Sources */,
				D6859EDD2921B2C300940B99 /* HomeView.swift in Sources */,
				D6859F0C2921C6B500940B99 /* HomeModel.swift in Sources */,
				D6859EF22921B3D800940B99 /* String+Extension.swift in Sources */,
				D6859EF52921B43A00940B99 /* RestaurantModel.swift in Sources */,
				D6859EFC2921B48A00940B99 /* ApiRequestError.swift in Sources */,
				D6859EF82921B47A00940B99 /* ApiRequest.swift in Sources */,
				D6859EFA2921B48100940B99 /* ApiRequestMock.swift in Sources */,
				D6859F002921B6D600940B99 /* RestaurantRepository.swift in Sources */,
				D6859F072921C06900940B99 /* ImageRepository.swift in Sources */,
				D6859F0E2921C7D500940B99 /* SortUseCase.swift in Sources */,
				D6859F052921B90F00940B99 /* RestaurantViewModel.swift in Sources */,
				D6859F092921C58B00940B99 /* ImageUseCase.swift in Sources */,
				D6859F022921B85300940B99 /* RestaurantUseCase.swift in Sources */,
				D6859EDB2921B2C300940B99 /* RestaurantUIApp.swift in Sources */,
			);
			runOnlyForDeploymentPostprocessing = 0;
		};
		D6F1CD882922DB07009C38B2 /* Sources */ = {
			isa = PBXSourcesBuildPhase;
			buildActionMask = 2147483647;
			files = (
				D6F1CD8F2922DB07009C38B2 /* RestaurantUIUITests.swift in Sources */,
				D6F1CD912922DB07009C38B2 /* RestaurantUIUITestsLaunchTests.swift in Sources */,
			);
			runOnlyForDeploymentPostprocessing = 0;
		};
/* End PBXSourcesBuildPhase section */

/* Begin PBXTargetDependency section */
		D6F1CD932922DB07009C38B2 /* PBXTargetDependency */ = {
			isa = PBXTargetDependency;
			target = D6859ED62921B2C300940B99 /* RestaurantUI */;
			targetProxy = D6F1CD922922DB07009C38B2 /* PBXContainerItemProxy */;
		};
/* End PBXTargetDependency section */

/* Begin XCBuildConfiguration section */
		D6859EE32921B2C400940B99 /* Debug */ = {
			isa = XCBuildConfiguration;
			buildSettings = {
				ALWAYS_SEARCH_USER_PATHS = NO;
				CLANG_ANALYZER_NONNULL = YES;
				CLANG_ANALYZER_NUMBER_OBJECT_CONVERSION = YES_AGGRESSIVE;
				CLANG_CXX_LANGUAGE_STANDARD = "gnu++20";
				CLANG_ENABLE_MODULES = YES;
				CLANG_ENABLE_OBJC_ARC = YES;
				CLANG_ENABLE_OBJC_WEAK = YES;
				CLANG_WARN_BLOCK_CAPTURE_AUTORELEASING = YES;
				CLANG_WARN_BOOL_CONVERSION = YES;
				CLANG_WARN_COMMA = YES;
				CLANG_WARN_CONSTANT_CONVERSION = YES;
				CLANG_WARN_DEPRECATED_OBJC_IMPLEMENTATIONS = YES;
				CLANG_WARN_DIRECT_OBJC_ISA_USAGE = YES_ERROR;
				CLANG_WARN_DOCUMENTATION_COMMENTS = YES;
				CLANG_WARN_EMPTY_BODY = YES;
				CLANG_WARN_ENUM_CONVERSION = YES;
				CLANG_WARN_INFINITE_RECURSION = YES;
				CLANG_WARN_INT_CONVERSION = YES;
				CLANG_WARN_NON_LITERAL_NULL_CONVERSION = YES;
				CLANG_WARN_OBJC_IMPLICIT_RETAIN_SELF = YES;
				CLANG_WARN_OBJC_LITERAL_CONVERSION = YES;
				CLANG_WARN_OBJC_ROOT_CLASS = YES_ERROR;
				CLANG_WARN_QUOTED_INCLUDE_IN_FRAMEWORK_HEADER = YES;
				CLANG_WARN_RANGE_LOOP_ANALYSIS = YES;
				CLANG_WARN_STRICT_PROTOTYPES = YES;
				CLANG_WARN_SUSPICIOUS_MOVE = YES;
				CLANG_WARN_UNGUARDED_AVAILABILITY = YES_AGGRESSIVE;
				CLANG_WARN_UNREACHABLE_CODE = YES;
				CLANG_WARN__DUPLICATE_METHOD_MATCH = YES;
				COPY_PHASE_STRIP = NO;
				DEBUG_INFORMATION_FORMAT = dwarf;
				ENABLE_STRICT_OBJC_MSGSEND = YES;
				ENABLE_TESTABILITY = YES;
				GCC_C_LANGUAGE_STANDARD = gnu11;
				GCC_DYNAMIC_NO_PIC = NO;
				GCC_NO_COMMON_BLOCKS = YES;
				GCC_OPTIMIZATION_LEVEL = 0;
				GCC_PREPROCESSOR_DEFINITIONS = (
					"DEBUG=1",
					"$(inherited)",
				);
				GCC_WARN_64_TO_32_BIT_CONVERSION = YES;
				GCC_WARN_ABOUT_RETURN_TYPE = YES_ERROR;
				GCC_WARN_UNDECLARED_SELECTOR = YES;
				GCC_WARN_UNINITIALIZED_AUTOS = YES_AGGRESSIVE;
				GCC_WARN_UNUSED_FUNCTION = YES;
				GCC_WARN_UNUSED_VARIABLE = YES;
				IPHONEOS_DEPLOYMENT_TARGET = 16.0;
				MTL_ENABLE_DEBUG_INFO = INCLUDE_SOURCE;
				MTL_FAST_MATH = YES;
				ONLY_ACTIVE_ARCH = YES;
				SDKROOT = iphoneos;
				SWIFT_ACTIVE_COMPILATION_CONDITIONS = DEBUG;
				SWIFT_OPTIMIZATION_LEVEL = "-Onone";
			};
			name = Debug;
		};
		D6859EE42921B2C400940B99 /* Release */ = {
			isa = XCBuildConfiguration;
			buildSettings = {
				ALWAYS_SEARCH_USER_PATHS = NO;
				CLANG_ANALYZER_NONNULL = YES;
				CLANG_ANALYZER_NUMBER_OBJECT_CONVERSION = YES_AGGRESSIVE;
				CLANG_CXX_LANGUAGE_STANDARD = "gnu++20";
				CLANG_ENABLE_MODULES = YES;
				CLANG_ENABLE_OBJC_ARC = YES;
				CLANG_ENABLE_OBJC_WEAK = YES;
				CLANG_WARN_BLOCK_CAPTURE_AUTORELEASING = YES;
				CLANG_WARN_BOOL_CONVERSION = YES;
				CLANG_WARN_COMMA = YES;
				CLANG_WARN_CONSTANT_CONVERSION = YES;
				CLANG_WARN_DEPRECATED_OBJC_IMPLEMENTATIONS = YES;
				CLANG_WARN_DIRECT_OBJC_ISA_USAGE = YES_ERROR;
				CLANG_WARN_DOCUMENTATION_COMMENTS = YES;
				CLANG_WARN_EMPTY_BODY = YES;
				CLANG_WARN_ENUM_CONVERSION = YES;
				CLANG_WARN_INFINITE_RECURSION = YES;
				CLANG_WARN_INT_CONVERSION = YES;
				CLANG_WARN_NON_LITERAL_NULL_CONVERSION = YES;
				CLANG_WARN_OBJC_IMPLICIT_RETAIN_SELF = YES;
				CLANG_WARN_OBJC_LITERAL_CONVERSION = YES;
				CLANG_WARN_OBJC_ROOT_CLASS = YES_ERROR;
				CLANG_WARN_QUOTED_INCLUDE_IN_FRAMEWORK_HEADER = YES;
				CLANG_WARN_RANGE_LOOP_ANALYSIS = YES;
				CLANG_WARN_STRICT_PROTOTYPES = YES;
				CLANG_WARN_SUSPICIOUS_MOVE = YES;
				CLANG_WARN_UNGUARDED_AVAILABILITY = YES_AGGRESSIVE;
				CLANG_WARN_UNREACHABLE_CODE = YES;
				CLANG_WARN__DUPLICATE_METHOD_MATCH = YES;
				COPY_PHASE_STRIP = NO;
				DEBUG_INFORMATION_FORMAT = "dwarf-with-dsym";
				ENABLE_NS_ASSERTIONS = NO;
				ENABLE_STRICT_OBJC_MSGSEND = YES;
				GCC_C_LANGUAGE_STANDARD = gnu11;
				GCC_NO_COMMON_BLOCKS = YES;
				GCC_WARN_64_TO_32_BIT_CONVERSION = YES;
				GCC_WARN_ABOUT_RETURN_TYPE = YES_ERROR;
				GCC_WARN_UNDECLARED_SELECTOR = YES;
				GCC_WARN_UNINITIALIZED_AUTOS = YES_AGGRESSIVE;
				GCC_WARN_UNUSED_FUNCTION = YES;
				GCC_WARN_UNUSED_VARIABLE = YES;
				IPHONEOS_DEPLOYMENT_TARGET = 16.0;
				MTL_ENABLE_DEBUG_INFO = NO;
				MTL_FAST_MATH = YES;
				SDKROOT = iphoneos;
				SWIFT_COMPILATION_MODE = wholemodule;
				SWIFT_OPTIMIZATION_LEVEL = "-O";
				VALIDATE_PRODUCT = YES;
			};
			name = Release;
		};
		D6859EE62921B2C400940B99 /* Debug */ = {
			isa = XCBuildConfiguration;
			buildSettings = {
				ASSETCATALOG_COMPILER_APPICON_NAME = AppIcon;
				ASSETCATALOG_COMPILER_GLOBAL_ACCENT_COLOR_NAME = AccentColor;
				CODE_SIGN_STYLE = Automatic;
				CURRENT_PROJECT_VERSION = 1;
				DEVELOPMENT_ASSET_PATHS = "\"RestaurantUI/Preview Content\"";
				DEVELOPMENT_TEAM = UEQ3F6V5RW;
				ENABLE_PREVIEWS = YES;
				GENERATE_INFOPLIST_FILE = YES;
				INFOPLIST_KEY_UIApplicationSceneManifest_Generation = YES;
				INFOPLIST_KEY_UIApplicationSupportsIndirectInputEvents = YES;
				INFOPLIST_KEY_UILaunchScreen_Generation = YES;
				INFOPLIST_KEY_UISupportedInterfaceOrientations_iPad = "UIInterfaceOrientationPortrait UIInterfaceOrientationPortraitUpsideDown UIInterfaceOrientationLandscapeLeft UIInterfaceOrientationLandscapeRight";
				INFOPLIST_KEY_UISupportedInterfaceOrientations_iPhone = "UIInterfaceOrientationPortrait UIInterfaceOrientationLandscapeLeft UIInterfaceOrientationLandscapeRight";
				LD_RUNPATH_SEARCH_PATHS = (
					"$(inherited)",
					"@executable_path/Frameworks",
				);
				MARKETING_VERSION = 1.0;
				PRODUCT_BUNDLE_IDENTIFIER = ddg.RestaurantUI;
				PRODUCT_NAME = "$(TARGET_NAME)";
				SWIFT_EMIT_LOC_STRINGS = YES;
				SWIFT_VERSION = 5.0;
				TARGETED_DEVICE_FAMILY = "1,2";
			};
			name = Debug;
		};
		D6859EE72921B2C400940B99 /* Release */ = {
			isa = XCBuildConfiguration;
			buildSettings = {
				ASSETCATALOG_COMPILER_APPICON_NAME = AppIcon;
				ASSETCATALOG_COMPILER_GLOBAL_ACCENT_COLOR_NAME = AccentColor;
				CODE_SIGN_STYLE = Automatic;
				CURRENT_PROJECT_VERSION = 1;
				DEVELOPMENT_ASSET_PATHS = "\"RestaurantUI/Preview Content\"";
				DEVELOPMENT_TEAM = UEQ3F6V5RW;
				ENABLE_PREVIEWS = YES;
				GENERATE_INFOPLIST_FILE = YES;
				INFOPLIST_KEY_UIApplicationSceneManifest_Generation = YES;
				INFOPLIST_KEY_UIApplicationSupportsIndirectInputEvents = YES;
				INFOPLIST_KEY_UILaunchScreen_Generation = YES;
				INFOPLIST_KEY_UISupportedInterfaceOrientations_iPad = "UIInterfaceOrientationPortrait UIInterfaceOrientationPortraitUpsideDown UIInterfaceOrientationLandscapeLeft UIInterfaceOrientationLandscapeRight";
				INFOPLIST_KEY_UISupportedInterfaceOrientations_iPhone = "UIInterfaceOrientationPortrait UIInterfaceOrientationLandscapeLeft UIInterfaceOrientationLandscapeRight";
				LD_RUNPATH_SEARCH_PATHS = (
					"$(inherited)",
					"@executable_path/Frameworks",
				);
				MARKETING_VERSION = 1.0;
				PRODUCT_BUNDLE_IDENTIFIER = ddg.RestaurantUI;
				PRODUCT_NAME = "$(TARGET_NAME)";
				SWIFT_EMIT_LOC_STRINGS = YES;
				SWIFT_VERSION = 5.0;
				TARGETED_DEVICE_FAMILY = "1,2";
			};
			name = Release;
		};
		D6F1CD952922DB07009C38B2 /* Debug */ = {
			isa = XCBuildConfiguration;
			buildSettings = {
				CODE_SIGN_STYLE = Automatic;
				CURRENT_PROJECT_VERSION = 1;
				GENERATE_INFOPLIST_FILE = YES;
				MARKETING_VERSION = 1.0;
				PRODUCT_BUNDLE_IDENTIFIER = ddg.RestaurantUIUITests;
				PRODUCT_NAME = "$(TARGET_NAME)";
				SWIFT_EMIT_LOC_STRINGS = NO;
				SWIFT_VERSION = 5.0;
				TARGETED_DEVICE_FAMILY = "1,2";
				TEST_TARGET_NAME = RestaurantUI;
			};
			name = Debug;
		};
		D6F1CD962922DB07009C38B2 /* Release */ = {
			isa = XCBuildConfiguration;
			buildSettings = {
				CODE_SIGN_STYLE = Automatic;
				CURRENT_PROJECT_VERSION = 1;
				GENERATE_INFOPLIST_FILE = YES;
				MARKETING_VERSION = 1.0;
				PRODUCT_BUNDLE_IDENTIFIER = ddg.RestaurantUIUITests;
				PRODUCT_NAME = "$(TARGET_NAME)";
				SWIFT_EMIT_LOC_STRINGS = NO;
				SWIFT_VERSION = 5.0;
				TARGETED_DEVICE_FAMILY = "1,2";
				TEST_TARGET_NAME = RestaurantUI;
			};
			name = Release;
		};
/* End XCBuildConfiguration section */

/* Begin XCConfigurationList section */
		D6859ED22921B2C300940B99 /* Build configuration list for PBXProject "RestaurantUI" */ = {
			isa = XCConfigurationList;
			buildConfigurations = (
				D6859EE32921B2C400940B99 /* Debug */,
				D6859EE42921B2C400940B99 /* Release */,
			);
			defaultConfigurationIsVisible = 0;
			defaultConfigurationName = Release;
		};
		D6859EE52921B2C400940B99 /* Build configuration list for PBXNativeTarget "RestaurantUI" */ = {
			isa = XCConfigurationList;
			buildConfigurations = (
				D6859EE62921B2C400940B99 /* Debug */,
				D6859EE72921B2C400940B99 /* Release */,
			);
			defaultConfigurationIsVisible = 0;
			defaultConfigurationName = Release;
		};
		D6F1CD942922DB07009C38B2 /* Build configuration list for PBXNativeTarget "RestaurantUIUITests" */ = {
			isa = XCConfigurationList;
			buildConfigurations = (
				D6F1CD952922DB07009C38B2 /* Debug */,
				D6F1CD962922DB07009C38B2 /* Release */,
			);
			defaultConfigurationIsVisible = 0;
			defaultConfigurationName = Release;
		};
/* End XCConfigurationList section */
	};
	rootObject = D6859ECF2921B2C300940B99 /* Project object */;
}
